beautifulsoup4==4.15.0
certifi==2026.6.17
cffi==2.1.0
cfgv==3.5.0
charset-normalizer==3.4.9
curl-cffi==0.15.0
distlib==0.4.3
dotenvy-py==0.1.0
filelock==3.29.7
greenlet==3.5.3
identify==2.6.19
idna==3.18
llvmlite==0.48.0
markdown-it-py==4.2.0
mdurl==0.1.2
multitasking==0.0.13
nodeenv==1.10.0
numba==0.66.0
numpy==2.4.6
pandas==3.0.3
peewee==4.1.2
pip==26.1.2
platformdirs==4.10.0
polars==1.42.1
polars-runtime-32==1.42.1
pre-commit==4.6.0
protobuf==7.35.1
psycopg==3.3.4
psycopg-binary==3.3.4
pycparser==3.0
pygments==2.20.0
python-dateutil==2.9.0.post0
python-discovery==1.4.4
pytz==2026.2
pyyaml==6.0.3
-e file:///C:/Users/Nestor/OneDrive/Radar/radar-core
requests==2.34.2
rich==15.0.0
ruff==0.15.21
setuptools==83.0.0
six==1.17.0
soupsieve==2.8.4
sqlalchemy==2.0.51
ta-lib @ https://github.com/cgohlke/talib-build/releases/download/v0.6.4/ta_lib-0.6.4-cp313-cp313-win_amd64.whl
ty==0.0.58
typing-extensions==4.16.0
tzdata==2026.3
urllib3==2.7.0
virtualenv==21.6.1
websockets==16.1
yfinance==1.5.1
