beautifulsoup4==4.14.3
build==1.3.0
certifi==2025.11.12
cffi==2.0.0
cfgv==3.5.0
charset-normalizer==3.4.4
colorama==0.4.6
curl-cffi==0.13.0
distlib==0.4.0
dotenvy-py==0.1.0
filelock==3.20.1
frozendict==2.4.7
greenlet==3.3.0
identify==2.6.15
idna==3.11
llvmlite==0.46.0
multitasking==0.0.12
nodeenv==1.10.0
numba==0.63.1
numpy==2.3.5
packaging==25.0
pandas==2.3.3
peewee==3.18.3
pip==25.3
platformdirs==4.5.1
polars==1.36.1
polars-runtime-32==1.36.1
pre-commit==4.5.1
protobuf==6.33.2
psycopg==3.3.2
psycopg-binary==3.3.2
pycparser==2.23
pyproject-hooks==1.2.0
python-dateutil==2.9.0.post0
pytz==2025.2
pyyaml==6.0.3
-e file:///C:/Users/nromero/OneDriveNDR1970/OneDrive/Radar/radar-core
requests==2.32.5
ruff==0.14.10
setuptools==80.9.0
six==1.17.0
soupsieve==2.8.1
sqlalchemy==2.0.45
ta-lib @ https://github.com/cgohlke/talib-build/releases/download/v0.6.8/ta_lib-0.6.8-cp313-cp313-win_amd64.whl
ty==0.0.7
typing-extensions==4.15.0
tzdata==2025.3
urllib3==2.6.2
virtualenv==20.35.4
websockets==15.0.1
yfinance==1.0
